
Microsoft Visual Studio Solution File, Format Version 12.00
# Visual Studio Express 2012 for Windows Desktop
Project("{8BC9CEB8-8B4A-11D0-8D11-00A0C91BC942}") = "TradingTankGUI", "TradingTankGUI\TradingTankGUI.vcxproj", "{8205175E-6246-474D-8FF7-89A8E766D9DD}"
EndProject
Global
	GlobalSection(SolutionConfigurationPlatforms) = preSolution
		Debug|Win32 = Debug|Win32
		Release|Win32 = Release|Win32
	EndGlobalSection
	GlobalSection(ProjectConfigurationPlatforms) = postSolution
		{8205175E-6246-474D-8FF7-89A8E766D9DD}.Debug|Win32.ActiveCfg = Debug|Win32
		{8205175E-6246-474D-8FF7-89A8E766D9DD}.Debug|Win32.Build.0 = Debug|Win32
		{8205175E-6246-474D-8FF7-89A8E766D9DD}.Release|Win32.ActiveCfg = Release|Win32
		{8205175E-6246-474D-8FF7-89A8E766D9DD}.Release|Win32.Build.0 = Release|Win32
	EndGlobalSection
	GlobalSection(SolutionProperties) = preSolution
		HideSolutionNode = FALSE
	EndGlobalSection
EndGlobal
